Microsoft Visual Studio Solution File, Format Version 12.00
# Visual Studio Version 17
VisualStudioVersion = 17.5.2.0
MinimumVisualStudioVersion = 10.0.40219.1
Project("{FAE04EC0-301F-11D3-BF4B-00C04F79EFBC}") = "DxOfficeLinuxMwe", "DxOfficeLinuxMwe.csproj", "{61055D71-0082-F044-9388-F8B66AA58FEC}"
EndProject
Global
	GlobalSection(SolutionConfigurationPlatforms) = preSolution
		Debug|Any CPU = Debug|Any CPU
		Release|Any CPU = Release|Any CPU
	EndGlobalSection
	GlobalSection(ProjectConfigurationPlatforms) = postSolution
		{61055D71-0082-F044-9388-F8B66AA58FEC}.Debug|Any CPU.ActiveCfg = Debug|Any CPU
		{61055D71-0082-F044-9388-F8B66AA58FEC}.Debug|Any CPU.Build.0 = Debug|Any CPU
		{61055D71-0082-F044-9388-F8B66AA58FEC}.Release|Any CPU.ActiveCfg = Release|Any CPU
		{61055D71-0082-F044-9388-F8B66AA58FEC}.Release|Any CPU.Build.0 = Release|Any CPU
	EndGlobalSection
	GlobalSection(SolutionProperties) = preSolution
		HideSolutionNode = FALSE
	EndGlobalSection
	GlobalSection(ExtensibilityGlobals) = postSolution
		SolutionGuid = {B4199BC2-6BBF-486A-85E4-687EF6315841}
	EndGlobalSection
EndGlobal
